
Microsoft Visual Studio Solution File, Format Version 12.00
# Visual Studio Version 16
VisualStudioVersion = 16.0.33328.57
MinimumVisualStudioVersion = 10.0.40219.1
Project("{FAE04EC0-301F-11D3-BF4B-00C04F79EFBC}") = "MiniTwit", "MiniTwit\MiniTwit.csproj", "{4FBE5B4D-5D4B-4A5A-9C8A-42120DA33E71}"
EndProject
Global
	GlobalSection(SolutionConfigurationPlatforms) = preSolution
		Debug|Any CPU = Debug|Any CPU
		Release|Any CPU = Release|Any CPU
	EndGlobalSection
	GlobalSection(ProjectConfigurationPlatforms) = postSolution
		{4FBE5B4D-5D4B-4A5A-9C8A-42120DA33E71}.Debug|Any CPU.ActiveCfg = Debug|Any CPU
		{4FBE5B4D-5D4B-4A5A-9C8A-42120DA33E71}.Debug|Any CPU.Build.0 = Debug|Any CPU
		{4FBE5B4D-5D4B-4A5A-9C8A-42120DA33E71}.Release|Any CPU.ActiveCfg = Release|Any CPU
		{4FBE5B4D-5D4B-4A5A-9C8A-42120DA33E71}.Release|Any CPU.Build.0 = Release|Any CPU
	EndGlobalSection
	GlobalSection(SolutionProperties) = preSolution
		HideSolutionNode = FALSE
	EndGlobalSection
	GlobalSection(ExtensibilityGlobals) = postSolution
		SolutionGuid = {952F7C27-6D79-4D16-B2F5-E7FF5768FD71}
	EndGlobalSection
EndGlobal
